// !$*UTF8*$!
{
	archiveVersion = 1;
	classes = {
	};
	objectVersion = 56;
	objects = {

/* Begin PBXBuildFile section */
		6BD320872A516349009B9FAA /* RedeemApp.swift in Sources */ = {isa = PBXBuildFile; fileRef = 6BD320862A516349009B9FAA /* RedeemApp.swift */; };
		6BD320892A516349009B9FAA /* Item.swift in Sources */ = {isa = PBXBuildFile; fileRef = 6BD320882A516349009B9FAA /* Item.swift */; };
		6BD3208B2A516349009B9FAA /* ContentView.swift in Sources */ = {isa = PBXBuildFile; fileRef = 6BD3208A2A516349009B9FAA /* ContentView.swift */; };
		6BD3208D2A51634A009B9FAA /* Assets.xcassets in Resources */ = {isa = PBXBuildFile; fileRef = 6BD3208C2A51634A009B9FAA /* Assets.xcassets */; };
		6BD320912A51634A009B9FAA /* Preview Assets.xcassets in Resources */ = {isa = PBXBuildFile; fileRef = 6BD320902A51634A009B9FAA /* Preview Assets.xcassets */; };
		6BD3209C2A51634A009B9FAA /* RedeemTests.swift in Sources */ = {isa = PBXBuildFile; fileRef = 6BD3209B2A51634A009B9FAA /* RedeemTests.swift */; };
		6BD320A62A51634A009B9FAA /* RedeemUITests.swift in Sources */ = {isa = PBXBuildFile; fileRef = 6BD320A52A51634A009B9FAA /* RedeemUITests.swift */; };
		6BD320A82A51634A009B9FAA /* RedeemUITestsLaunchTests.swift in Sources */ = {isa = PBXBuildFile; fileRef = 6BD320A72A51634A009B9FAA /* RedeemUITestsLaunchTests.swift */; };
/* End PBXBuildFile section */

/* Begin PBXContainerItemProxy section */
		6BD320982A51634A009B9FAA /* PBXContainerItemProxy */ = {
			isa = PBXContainerItemProxy;
			containerPortal = 6BD3207B2A516349009B9FAA /* Project object */;
			proxyType = 1;
			remoteGlobalIDString = 6BD320822A516349009B9FAA;
			remoteInfo = Redeem;
		};
		6BD320A22A51634A009B9FAA /* PBXContainerItemProxy */ = {
			isa = PBXContainerItemProxy;
			containerPortal = 6BD3207B2A516349009B9FAA /* Project object */;
			proxyType = 1;
			remoteGlobalIDString = 6BD320822A516349009B9FAA;
			remoteInfo = Redeem;
		};
/* End PBXContainerItemProxy section */

/* Begin PBXFileReference section */
		6BD320832A516349009B9FAA /* Redeem.app */ = {isa = PBXFileReference; explicitFileType = wrapper.application; includeInIndex = 0; path = Redeem.app; sourceTree = BUILT_PRODUCTS_DIR; };
		6BD320862A516349009B9FAA /* RedeemApp.swift */ = {isa = PBXFileReference; lastKnownFileType = sourcecode.swift; path = RedeemApp.swift; sourceTree = "<group>"; };
		6BD320882A516349009B9FAA /* Item.swift */ = {isa = PBXFileReference; lastKnownFileType = sourcecode.swift; path = Item.swift; sourceTree = "<group>"; };
		6BD3208A2A516349009B9FAA /* ContentView.swift */ = {isa = PBXFileReference; lastKnownFileType = sourcecode.swift; path = ContentView.swift; sourceTree = "<group>"; };
		6BD3208C2A51634A009B9FAA /* Assets.xcassets */ = {isa = PBXFileReference; lastKnownFileType = folder.assetcatalog; path = Assets.xcassets; sourceTree = "<group>"; };
		6BD3208E2A51634A009B9FAA /* Redeem.entitlements */ = {isa = PBXFileReference; lastKnownFileType = text.plist.entitlements; path = Redeem.entitlements; sourceTree = "<group>"; };
		6BD320902A51634A009B9FAA /* Preview Assets.xcassets */ = {isa = PBXFileReference; lastKnownFileType = folder.assetcatalog; path = "Preview Assets.xcassets"; sourceTree = "<group>"; };
		6BD320922A51634A009B9FAA /* Info.plist */ = {isa = PBXFileReference; lastKnownFileType = text.plist.xml; path = Info.plist; sourceTree = "<group>"; };
		6BD320972A51634A009B9FAA /* RedeemTests.xctest */ = {isa = PBXFileReference; explicitFileType = wrapper.cfbundle; includeInIndex = 0; path = RedeemTests.xctest; sourceTree = BUILT_PRODUCTS_DIR; };
		6BD3209B2A51634A009B9FAA /* RedeemTests.swift */ = {isa = PBXFileReference; lastKnownFileType = sourcecode.swift; path = RedeemTests.swift; sourceTree = "<group>"; };
		6BD320A12A51634A009B9FAA /* RedeemUITests.xctest */ = {isa = PBXFileReference; explicitFileType = wrapper.cfbundle; includeInIndex = 0; path = RedeemUITests.xctest; sourceTree = BUILT_PRODUCTS_DIR; };
		6BD320A52A51634A009B9FAA /* RedeemUITests.swift */ = {isa = PBXFileReference; lastKnownFileType = sourcecode.swift; path = RedeemUITests.swift; sourceTree = "<group>"; };
		6BD320A72A51634A009B9FAA /* RedeemUITestsLaunchTests.swift */ = {isa = PBXFileReference; lastKnownFileType = sourcecode.swift; path = RedeemUITestsLaunchTests.swift; sourceTree = "<group>"; };
/* End PBXFileReference section */

/* Begin PBXFrameworksBuildPhase section */
		6BD320802A516349009B9FAA /* Frameworks */ = {
			isa = PBXFrameworksBuildPhase;
			buildActionMask = 2147483647;
			files = (
			);
			runOnlyForDeploymentPostprocessing = 0;
		};
		6BD320942A51634A009B9FAA /* Frameworks */ = {
			isa = PBXFrameworksBuildPhase;
			buildActionMask = 2147483647;
			files = (
			);
			runOnlyForDeploymentPostprocessing = 0;
		};
		6BD3209E2A51634A009B9FAA /* Frameworks */ = {
			isa = PBXFrameworksBuildPhase;
			buildActionMask = 2147483647;
			files = (
			);
			runOnlyForDeploymentPostprocessing = 0;
		};
/* End PBXFrameworksBuildPhase section */

/* Begin PBXGroup section */
		6BD3207A2A516349009B9FAA = {
			isa = PBXGroup;
			children = (
				6BD320852A516349009B9FAA /* Redeem */,
				6BD3209A2A51634A009B9FAA /* RedeemTests */,
				6BD320A42A51634A009B9FAA /* RedeemUITests */,
				6BD320842A516349009B9FAA /* Products */,
			);
			sourceTree = "<group>";
		};
		6BD320842A516349009B9FAA /* Products */ = {
			isa = PBXGroup;
			children = (
				6BD320832A516349009B9FAA /* Redeem.app */,
				6BD320972A51634A009B9FAA /* RedeemTests.xctest */,
				6BD320A12A51634A009B9FAA /* RedeemUITests.xctest */,
			);
			name = Products;
			sourceTree = "<group>";
		};
		6BD320852A516349009B9FAA /* Redeem */ = {
			isa = PBXGroup;
			children = (
				6BD320862A516349009B9FAA /* RedeemApp.swift */,
				6BD320882A516349009B9FAA /* Item.swift */,
				6BD3208A2A516349009B9FAA /* ContentView.swift */,
				6BD3208C2A51634A009B9FAA /* Assets.xcassets */,
				6BD3208E2A51634A009B9FAA /* Redeem.entitlements */,
				6BD320922A51634A009B9FAA /* Info.plist */,
				6BD3208F2A51634A009B9FAA /* Preview Content */,
			);
			path = Redeem;
			sourceTree = "<group>";
		};
		6BD3208F2A51634A009B9FAA /* Preview Content */ = {
			isa = PBXGroup;
			children = (
				6BD320902A51634A009B9FAA /* Preview Assets.xcassets */,
			);
			path = "Preview Content";
			sourceTree = "<group>";
		};
		6BD3209A2A51634A009B9FAA /* RedeemTests */ = {
			isa = PBXGroup;
			children = (
				6BD3209B2A51634A009B9FAA /* RedeemTests.swift */,
			);
			path = RedeemTests;
			sourceTree = "<group>";
		};
		6BD320A42A51634A009B9FAA /* RedeemUITests */ = {
			isa = PBXGroup;
			children = (
				6BD320A52A51634A009B9FAA /* RedeemUITests.swift */,
				6BD320A72A51634A009B9FAA /* RedeemUITestsLaunchTests.swift */,
			);
			path = RedeemUITests;
			sourceTree = "<group>";
		};
/* End PBXGroup section */

/* Begin PBXNativeTarget section */
		6BD320822A516349009B9FAA /* Redeem */ = {
			isa = PBXNativeTarget;
			buildConfigurationList = 6BD320AB2A51634A009B9FAA /* Build configuration list for PBXNativeTarget "Redeem" */;
			buildPhases = (
				6BD3207F2A516349009B9FAA /* Sources */,
				6BD320802A516349009B9FAA /* Frameworks */,
				6BD320812A516349009B9FAA /* Resources */,
			);
			buildRules = (
			);
			dependencies = (
			);
			name = Redeem;
			productName = Redeem;
			productReference = 6BD320832A516349009B9FAA /* Redeem.app */;
			productType = "com.apple.product-type.application";
		};
		6BD320962A51634A009B9FAA /* RedeemTests */ = {
			isa = PBXNativeTarget;
			buildConfigurationList = 6BD320AE2A51634A009B9FAA /* Build configuration list for PBXNativeTarget "RedeemTests" */;
			buildPhases = (
				6BD320932A51634A009B9FAA /* Sources */,
				6BD320942A51634A009B9FAA /* Frameworks */,
				6BD320952A51634A009B9FAA /* Resources */,
			);
			buildRules = (
			);
			dependencies = (
				6BD320992A51634A009B9FAA /* PBXTargetDependency */,
			);
			name = RedeemTests;
			productName = RedeemTests;
			productReference = 6BD320972A51634A009B9FAA /* RedeemTests.xctest */;
			productType = "com.apple.product-type.bundle.unit-test";
		};
		6BD320A02A51634A009B9FAA /* RedeemUITests */ = {
			isa = PBXNativeTarget;
			buildConfigurationList = 6BD320B12A51634A009B9FAA /* Build configuration list for PBXNativeTarget "RedeemUITests" */;
			buildPhases = (
				6BD3209D2A51634A009B9FAA /* Sources */,
				6BD3209E2A51634A009B9FAA /* Frameworks */,
				6BD3209F2A51634A009B9FAA /* Resources */,
			);
			buildRules = (
			);
			dependencies = (
				6BD320A32A51634A009B9FAA /* PBXTargetDependency */,
			);
			name = RedeemUITests;
			productName = RedeemUITests;
			productReference = 6BD320A12A51634A009B9FAA /* RedeemUITests.xctest */;
			productType = "com.apple.product-type.bundle.ui-testing";
		};
/* End PBXNativeTarget section */

/* Begin PBXProject section */
		6BD3207B2A516349009B9FAA /* Project object */ = {
			isa = PBXProject;
			attributes = {
				BuildIndependentTargetsInParallel = 1;
				LastSwiftUpdateCheck = 1500;
				LastUpgradeCheck = 1500;
				TargetAttributes = {
					6BD320822A516349009B9FAA = {
						CreatedOnToolsVersion = 15.0;
					};
					6BD320962A51634A009B9FAA = {
						CreatedOnToolsVersion = 15.0;
						TestTargetID = 6BD320822A516349009B9FAA;
					};
					6BD320A02A51634A009B9FAA = {
						CreatedOnToolsVersion = 15.0;
						TestTargetID = 6BD320822A516349009B9FAA;
					};
				};
			};
			buildConfigurationList = 6BD3207E2A516349009B9FAA /* Build configuration list for PBXProject "Redeem" */;
			compatibilityVersion = "Xcode 14.0";
			developmentRegion = en;
			hasScannedForEncodings = 0;
			knownRegions = (
				en,
				Base,
			);
			mainGroup = 6BD3207A2A516349009B9FAA;
			productRefGroup = 6BD320842A516349009B9FAA /* Products */;
			projectDirPath = "";
			projectRoot = "";
			targets = (
				6BD320822A516349009B9FAA /* Redeem */,
				6BD320962A51634A009B9FAA /* RedeemTests */,
				6BD320A02A51634A009B9FAA /* RedeemUITests */,
			);
		};
/* End PBXProject section */

/* Begin PBXResourcesBuildPhase section */
		6BD320812A516349009B9FAA /* Resources */ = {
			isa = PBXResourcesBuildPhase;
			buildActionMask = 2147483647;
			files = (
				6BD320912A51634A009B9FAA /* Preview Assets.xcassets in Resources */,
				6BD3208D2A51634A009B9FAA /* Assets.xcassets in Resources */,
			);
			runOnlyForDeploymentPostprocessing = 0;
		};
		6BD320952A51634A009B9FAA /* Resources */ = {
			isa = PBXResourcesBuildPhase;
			buildActionMask = 2147483647;
			files = (
			);
			runOnlyForDeploymentPostprocessing = 0;
		};
		6BD3209F2A51634A009B9FAA /* Resources */ = {
			isa = PBXResourcesBuildPhase;
			buildActionMask = 2147483647;
			files = (
			);
			runOnlyForDeploymentPostprocessing = 0;
		};
/* End PBXResourcesBuildPhase section */

/* Begin PBXSourcesBuildPhase section */
		6BD3207F2A516349009B9FAA /* Sources */ = {
			isa = PBXSourcesBuildPhase;
			buildActionMask = 2147483647;
			files = (
				6BD320892A516349009B9FAA /* Item.swift in Sources */,
				6BD320872A516349009B9FAA /* RedeemApp.swift in Sources */,
				6BD3208B2A516349009B9FAA /* ContentView.swift in Sources */,
			);
			runOnlyForDeploymentPostprocessing = 0;
		};
		6BD320932A51634A009B9FAA /* Sources */ = {
			isa = PBXSourcesBuildPhase;
			buildActionMask = 2147483647;
			files = (
				6BD3209C2A51634A009B9FAA /* RedeemTests.swift in Sources */,
			);
			runOnlyForDeploymentPostprocessing = 0;
		};
		6BD3209D2A51634A009B9FAA /* Sources */ = {
			isa = PBXSourcesBuildPhase;
			buildActionMask = 2147483647;
			files = (
				6BD320A82A51634A009B9FAA /* RedeemUITestsLaunchTests.swift in Sources */,
				6BD320A62A51634A009B9FAA /* RedeemUITests.swift in Sources */,
			);
			runOnlyForDeploymentPostprocessing = 0;
		};
/* End PBXSourcesBuildPhase section */

/* Begin PBXTargetDependency section */
		6BD320992A51634A009B9FAA /* PBXTargetDependency */ = {
			isa = PBXTargetDependency;
			target = 6BD320822A516349009B9FAA /* Redeem */;
			targetProxy = 6BD320982A51634A009B9FAA /* PBXContainerItemProxy */;
		};
		6BD320A32A51634A009B9FAA /* PBXTargetDependency */ = {
			isa = PBXTargetDependency;
			target = 6BD320822A516349009B9FAA /* Redeem */;
			targetProxy = 6BD320A22A51634A009B9FAA /* PBXContainerItemProxy */;
		};
/* End PBXTargetDependency section */

/* Begin XCBuildConfiguration section */
		6BD320A92A51634A009B9FAA /* Debug */ = {
			isa = XCBuildConfiguration;
			buildSettings = {
				ALWAYS_SEARCH_USER_PATHS = NO;
				ASSETCATALOG_COMPILER_GENERATE_SWIFT_ASSET_SYMBOL_EXTENSIONS = YES;
				CLANG_ANALYZER_NONNULL = YES;
				CLANG_ANALYZER_NUMBER_OBJECT_CONVERSION = YES_AGGRESSIVE;
				CLANG_CXX_LANGUAGE_STANDARD = "gnu++20";
				CLANG_ENABLE_MODULES = YES;
				CLANG_ENABLE_OBJC_ARC = YES;
				CLANG_ENABLE_OBJC_WEAK = YES;
				CLANG_WARN_BLOCK_CAPTURE_AUTORELEASING = YES;
				CLANG_WARN_BOOL_CONVERSION = YES;
				CLANG_WARN_COMMA = YES;
				CLANG_WARN_CONSTANT_CONVERSION = YES;
				CLANG_WARN_DEPRECATED_OBJC_IMPLEMENTATIONS = YES;
				CLANG_WARN_DIRECT_OBJC_ISA_USAGE = YES_ERROR;
				CLANG_WARN_DOCUMENTATION_COMMENTS = YES;
				CLANG_WARN_EMPTY_BODY = YES;
				CLANG_WARN_ENUM_CONVERSION = YES;
				CLANG_WARN_INFINITE_RECURSION = YES;
				CLANG_WARN_INT_CONVERSION = YES;
				CLANG_WARN_NON_LITERAL_NULL_CONVERSION = YES;
				CLANG_WARN_OBJC_IMPLICIT_RETAIN_SELF = YES;
				CLANG_WARN_OBJC_LITERAL_CONVERSION = YES;
				CLANG_WARN_OBJC_ROOT_CLASS = YES_ERROR;
				CLANG_WARN_QUOTED_INCLUDE_IN_FRAMEWORK_HEADER = YES;
				CLANG_WARN_RANGE_LOOP_ANALYSIS = YES;
				CLANG_WARN_STRICT_PROTOTYPES = YES;
				CLANG_WARN_SUSPICIOUS_MOVE = YES;
				CLANG_WARN_UNGUARDED_AVAILABILITY = YES_AGGRESSIVE;
				CLANG_WARN_UNREACHABLE_CODE = YES;
				CLANG_WARN__DUPLICATE_METHOD_MATCH = YES;
				COPY_PHASE_STRIP = NO;
				DEBUG_INFORMATION_FORMAT = dwarf;
				ENABLE_STRICT_OBJC_MSGSEND = YES;
				ENABLE_TESTABILITY = YES;
				ENABLE_USER_SCRIPT_SANDBOXING = YES;
				GCC_C_LANGUAGE_STANDARD = gnu17;
				GCC_DYNAMIC_NO_PIC = NO;
				GCC_NO_COMMON_BLOCKS = YES;
				GCC_OPTIMIZATION_LEVEL = 0;
				GCC_PREPROCESSOR_DEFINITIONS = (
					"DEBUG=1",
					"$(inherited)",
				);
				GCC_WARN_64_TO_32_BIT_CONVERSION = YES;
				GCC_WARN_ABOUT_RETURN_TYPE = YES_ERROR;
				GCC_WARN_UNDECLARED_SELECTOR = YES;
				GCC_WARN_UNINITIALIZED_AUTOS = YES_AGGRESSIVE;
				GCC_WARN_UNUSED_FUNCTION = YES;
				GCC_WARN_UNUSED_VARIABLE = YES;
				LOCALIZATION_PREFERS_STRING_CATALOGS = YES;
				MTL_ENABLE_DEBUG_INFO = INCLUDE_SOURCE;
				MTL_FAST_MATH = YES;
				ONLY_ACTIVE_ARCH = YES;
				SWIFT_ACTIVE_COMPILATION_CONDITIONS = "DEBUG $(inherited)";
				SWIFT_OPTIMIZATION_LEVEL = "-Onone";
			};
			name = Debug;
		};
		6BD320AA2A51634A009B9FAA /* Release */ = {
			isa = XCBuildConfiguration;
			buildSettings = {
				ALWAYS_SEARCH_USER_PATHS = NO;
				ASSETCATALOG_COMPILER_GENERATE_SWIFT_ASSET_SYMBOL_EXTENSIONS = YES;
				CLANG_ANALYZER_NONNULL = YES;
				CLANG_ANALYZER_NUMBER_OBJECT_CONVERSION = YES_AGGRESSIVE;
				CLANG_CXX_LANGUAGE_STANDARD = "gnu++20";
				CLANG_ENABLE_MODULES = YES;
				CLANG_ENABLE_OBJC_ARC = YES;
				CLANG_ENABLE_OBJC_WEAK = YES;
				CLANG_WARN_BLOCK_CAPTURE_AUTORELEASING = YES;
				CLANG_WARN_BOOL_CONVERSION = YES;
				CLANG_WARN_COMMA = YES;
				CLANG_WARN_CONSTANT_CONVERSION = YES;
				CLANG_WARN_DEPRECATED_OBJC_IMPLEMENTATIONS = YES;
				CLANG_WARN_DIRECT_OBJC_ISA_USAGE = YES_ERROR;
				CLANG_WARN_DOCUMENTATION_COMMENTS = YES;
				CLANG_WARN_EMPTY_BODY = YES;
				CLANG_WARN_ENUM_CONVERSION = YES;
				CLANG_WARN_INFINITE_RECURSION = YES;
				CLANG_WARN_INT_CONVERSION = YES;
				CLANG_WARN_NON_LITERAL_NULL_CONVERSION = YES;
				CLANG_WARN_OBJC_IMPLICIT_RETAIN_SELF = YES;
				CLANG_WARN_OBJC_LITERAL_CONVERSION = YES;
				CLANG_WARN_OBJC_ROOT_CLASS = YES_ERROR;
				CLANG_WARN_QUOTED_INCLUDE_IN_FRAMEWORK_HEADER = YES;
				CLANG_WARN_RANGE_LOOP_ANALYSIS = YES;
				CLANG_WARN_STRICT_PROTOTYPES = YES;
				CLANG_WARN_SUSPICIOUS_MOVE = YES;
				CLANG_WARN_UNGUARDED_AVAILABILITY = YES_AGGRESSIVE;
				CLANG_WARN_UNREACHABLE_CODE = YES;
				CLANG_WARN__DUPLICATE_METHOD_MATCH = YES;
				COPY_PHASE_STRIP = NO;
				DEBUG_INFORMATION_FORMAT = "dwarf-with-dsym";
				ENABLE_NS_ASSERTIONS = NO;
				ENABLE_STRICT_OBJC_MSGSEND = YES;
				ENABLE_USER_SCRIPT_SANDBOXING = YES;
				GCC_C_LANGUAGE_STANDARD = gnu17;
				GCC_NO_COMMON_BLOCKS = YES;
				GCC_WARN_64_TO_32_BIT_CONVERSION = YES;
				GCC_WARN_ABOUT_RETURN_TYPE = YES_ERROR;
				GCC_WARN_UNDECLARED_SELECTOR = YES;
				GCC_WARN_UNINITIALIZED_AUTOS = YES_AGGRESSIVE;
				GCC_WARN_UNUSED_FUNCTION = YES;
				GCC_WARN_UNUSED_VARIABLE = YES;
				LOCALIZATION_PREFERS_STRING_CATALOGS = YES;
				MTL_ENABLE_DEBUG_INFO = NO;
				MTL_FAST_MATH = YES;
				SWIFT_COMPILATION_MODE = wholemodule;
			};
			name = Release;
		};
		6BD320AC2A51634A009B9FAA /* Debug */ = {
			isa = XCBuildConfiguration;
			buildSettings = {
				ASSETCATALOG_COMPILER_APPICON_NAME = AppIcon;
				ASSETCATALOG_COMPILER_GLOBAL_ACCENT_COLOR_NAME = AccentColor;
				CODE_SIGN_ENTITLEMENTS = Redeem/Redeem.entitlements;
				CODE_SIGN_STYLE = Automatic;
				CURRENT_PROJECT_VERSION = 1;
				DEVELOPMENT_ASSET_PATHS = "\"Redeem/Preview Content\"";
				DEVELOPMENT_TEAM = 48K3LG232G;
				ENABLE_HARDENED_RUNTIME = YES;
				ENABLE_PREVIEWS = YES;
				GENERATE_INFOPLIST_FILE = YES;
				INFOPLIST_FILE = Redeem/Info.plist;
				"INFOPLIST_KEY_UIApplicationSceneManifest_Generation[sdk=iphoneos*]" = YES;
				"INFOPLIST_KEY_UIApplicationSceneManifest_Generation[sdk=iphonesimulator*]" = YES;
				"INFOPLIST_KEY_UIApplicationSupportsIndirectInputEvents[sdk=iphoneos*]" = YES;
				"INFOPLIST_KEY_UIApplicationSupportsIndirectInputEvents[sdk=iphonesimulator*]" = YES;
				"INFOPLIST_KEY_UILaunchScreen_Generation[sdk=iphoneos*]" = YES;
				"INFOPLIST_KEY_UILaunchScreen_Generation[sdk=iphonesimulator*]" = YES;
				"INFOPLIST_KEY_UIStatusBarStyle[sdk=iphoneos*]" = UIStatusBarStyleDefault;
				"INFOPLIST_KEY_UIStatusBarStyle[sdk=iphonesimulator*]" = UIStatusBarStyleDefault;
				INFOPLIST_KEY_UISupportedInterfaceOrientations_iPad = "UIInterfaceOrientationPortrait UIInterfaceOrientationPortraitUpsideDown UIInterfaceOrientationLandscapeLeft UIInterfaceOrientationLandscapeRight";
				INFOPLIST_KEY_UISupportedInterfaceOrientations_iPhone = "UIInterfaceOrientationPortrait UIInterfaceOrientationLandscapeLeft UIInterfaceOrientationLandscapeRight";
				IPHONEOS_DEPLOYMENT_TARGET = 17.0;
				LD_RUNPATH_SEARCH_PATHS = "@executable_path/Frameworks";
				"LD_RUNPATH_SEARCH_PATHS[sdk=macosx*]" = "@executable_path/../Frameworks";
				MACOSX_DEPLOYMENT_TARGET = 14.0;
				MARKETING_VERSION = 1.0;
				PRODUCT_BUNDLE_IDENTIFIER = com.yvenchen.Redeem;
				PRODUCT_NAME = "$(TARGET_NAME)";
				SDKROOT = auto;
				SUPPORTED_PLATFORMS = "iphoneos iphonesimulator macosx";
				SWIFT_EMIT_LOC_STRINGS = YES;
				SWIFT_VERSION = 5.0;
				TARGETED_DEVICE_FAMILY = "1,2";
			};
			name = Debug;
		};
		6BD320AD2A51634A009B9FAA /* Release */ = {
			isa = XCBuildConfiguration;
			buildSettings = {
				ASSETCATALOG_COMPILER_APPICON_NAME = AppIcon;
				ASSETCATALOG_COMPILER_GLOBAL_ACCENT_COLOR_NAME = AccentColor;
				CODE_SIGN_ENTITLEMENTS = Redeem/Redeem.entitlements;
				CODE_SIGN_STYLE = Automatic;
				CURRENT_PROJECT_VERSION = 1;
				DEVELOPMENT_ASSET_PATHS = "\"Redeem/Preview Content\"";
				DEVELOPMENT_TEAM = 48K3LG232G;
				ENABLE_HARDENED_RUNTIME = YES;
				ENABLE_PREVIEWS = YES;
				GENERATE_INFOPLIST_FILE = YES;
				INFOPLIST_FILE = Redeem/Info.plist;
				"INFOPLIST_KEY_UIApplicationSceneManifest_Generation[sdk=iphoneos*]" = YES;
				"INFOPLIST_KEY_UIApplicationSceneManifest_Generation[sdk=iphonesimulator*]" = YES;
				"INFOPLIST_KEY_UIApplicationSupportsIndirectInputEvents[sdk=iphoneos*]" = YES;
				"INFOPLIST_KEY_UIApplicationSupportsIndirectInputEvents[sdk=iphonesimulator*]" = YES;
				"INFOPLIST_KEY_UILaunchScreen_Generation[sdk=iphoneos*]" = YES;
				"INFOPLIST_KEY_UILaunchScreen_Generation[sdk=iphonesimulator*]" = YES;
				"INFOPLIST_KEY_UIStatusBarStyle[sdk=iphoneos*]" = UIStatusBarStyleDefault;
				"INFOPLIST_KEY_UIStatusBarStyle[sdk=iphonesimulator*]" = UIStatusBarStyleDefault;
				INFOPLIST_KEY_UISupportedInterfaceOrientations_iPad = "UIInterfaceOrientationPortrait UIInterfaceOrientationPortraitUpsideDown UIInterfaceOrientationLandscapeLeft UIInterfaceOrientationLandscapeRight";
				INFOPLIST_KEY_UISupportedInterfaceOrientations_iPhone = "UIInterfaceOrientationPortrait UIInterfaceOrientationLandscapeLeft UIInterfaceOrientationLandscapeRight";
				IPHONEOS_DEPLOYMENT_TARGET = 17.0;
				LD_RUNPATH_SEARCH_PATHS = "@executable_path/Frameworks";
				"LD_RUNPATH_SEARCH_PATHS[sdk=macosx*]" = "@executable_path/../Frameworks";
				MACOSX_DEPLOYMENT_TARGET = 14.0;
				MARKETING_VERSION = 1.0;
				PRODUCT_BUNDLE_IDENTIFIER = com.yvenchen.Redeem;
				PRODUCT_NAME = "$(TARGET_NAME)";
				SDKROOT = auto;
				SUPPORTED_PLATFORMS = "iphoneos iphonesimulator macosx";
				SWIFT_EMIT_LOC_STRINGS = YES;
				SWIFT_VERSION = 5.0;
				TARGETED_DEVICE_FAMILY = "1,2";
			};
			name = Release;
		};
		6BD320AF2A51634A009B9FAA /* Debug */ = {
			isa = XCBuildConfiguration;
			buildSettings = {
				ALWAYS_EMBED_SWIFT_STANDARD_LIBRARIES = YES;
				BUNDLE_LOADER = "$(TEST_HOST)";
				CODE_SIGN_STYLE = Automatic;
				CURRENT_PROJECT_VERSION = 1;
				DEVELOPMENT_TEAM = 48K3LG232G;
				GENERATE_INFOPLIST_FILE = YES;
				IPHONEOS_DEPLOYMENT_TARGET = 17.0;
				MACOSX_DEPLOYMENT_TARGET = 14.0;
				MARKETING_VERSION = 1.0;
				PRODUCT_BUNDLE_IDENTIFIER = com.yvenchen.RedeemTests;
				PRODUCT_NAME = "$(TARGET_NAME)";
				SDKROOT = auto;
				SUPPORTED_PLATFORMS = "iphoneos iphonesimulator macosx";
				SWIFT_EMIT_LOC_STRINGS = NO;
				SWIFT_VERSION = 5.0;
				TARGETED_DEVICE_FAMILY = "1,2";
				TEST_HOST = "$(BUILT_PRODUCTS_DIR)/Redeem.app/$(BUNDLE_EXECUTABLE_FOLDER_PATH)/Redeem";
			};
			name = Debug;
		};
		6BD320B02A51634A009B9FAA /* Release */ = {
			isa = XCBuildConfiguration;
			buildSettings = {
				ALWAYS_EMBED_SWIFT_STANDARD_LIBRARIES = YES;
				BUNDLE_LOADER = "$(TEST_HOST)";
				CODE_SIGN_STYLE = Automatic;
				CURRENT_PROJECT_VERSION = 1;
				DEVELOPMENT_TEAM = 48K3LG232G;
				GENERATE_INFOPLIST_FILE = YES;
				IPHONEOS_DEPLOYMENT_TARGET = 17.0;
				MACOSX_DEPLOYMENT_TARGET = 14.0;
				MARKETING_VERSION = 1.0;
				PRODUCT_BUNDLE_IDENTIFIER = com.yvenchen.RedeemTests;
				PRODUCT_NAME = "$(TARGET_NAME)";
				SDKROOT = auto;
				SUPPORTED_PLATFORMS = "iphoneos iphonesimulator macosx";
				SWIFT_EMIT_LOC_STRINGS = NO;
				SWIFT_VERSION = 5.0;
				TARGETED_DEVICE_FAMILY = "1,2";
				TEST_HOST = "$(BUILT_PRODUCTS_DIR)/Redeem.app/$(BUNDLE_EXECUTABLE_FOLDER_PATH)/Redeem";
			};
			name = Release;
		};
		6BD320B22A51634A009B9FAA /* Debug */ = {
			isa = XCBuildConfiguration;
			buildSettings = {
				ALWAYS_EMBED_SWIFT_STANDARD_LIBRARIES = YES;
				CODE_SIGN_STYLE = Automatic;
				CURRENT_PROJECT_VERSION = 1;
				DEVELOPMENT_TEAM = 48K3LG232G;
				GENERATE_INFOPLIST_FILE = YES;
				IPHONEOS_DEPLOYMENT_TARGET = 17.0;
				MACOSX_DEPLOYMENT_TARGET = 14.0;
				MARKETING_VERSION = 1.0;
				PRODUCT_BUNDLE_IDENTIFIER = com.yvenchen.RedeemUITests;
				PRODUCT_NAME = "$(TARGET_NAME)";
				SDKROOT = auto;
				SUPPORTED_PLATFORMS = "iphoneos iphonesimulator macosx";
				SWIFT_EMIT_LOC_STRINGS = NO;
				SWIFT_VERSION = 5.0;
				TARGETED_DEVICE_FAMILY = "1,2";
				TEST_TARGET_NAME = Redeem;
			};
			name = Debug;
		};
		6BD320B32A51634A009B9FAA /* Release */ = {
			isa = XCBuildConfiguration;
			buildSettings = {
				ALWAYS_EMBED_SWIFT_STANDARD_LIBRARIES = YES;
				CODE_SIGN_STYLE = Automatic;
				CURRENT_PROJECT_VERSION = 1;
				DEVELOPMENT_TEAM = 48K3LG232G;
				GENERATE_INFOPLIST_FILE = YES;
				IPHONEOS_DEPLOYMENT_TARGET = 17.0;
				MACOSX_DEPLOYMENT_TARGET = 14.0;
				MARKETING_VERSION = 1.0;
				PRODUCT_BUNDLE_IDENTIFIER = com.yvenchen.RedeemUITests;
				PRODUCT_NAME = "$(TARGET_NAME)";
				SDKROOT = auto;
				SUPPORTED_PLATFORMS = "iphoneos iphonesimulator macosx";
				SWIFT_EMIT_LOC_STRINGS = NO;
				SWIFT_VERSION = 5.0;
				TARGETED_DEVICE_FAMILY = "1,2";
				TEST_TARGET_NAME = Redeem;
			};
			name = Release;
		};
/* End XCBuildConfiguration section */

/* Begin XCConfigurationList section */
		6BD3207E2A516349009B9FAA /* Build configuration list for PBXProject "Redeem" */ = {
			isa = XCConfigurationList;
			buildConfigurations = (
				6BD320A92A51634A009B9FAA /* Debug */,
				6BD320AA2A51634A009B9FAA /* Release */,
			);
			defaultConfigurationIsVisible = 0;
			defaultConfigurationName = Release;
		};
		6BD320AB2A51634A009B9FAA /* Build configuration list for PBXNativeTarget "Redeem" */ = {
			isa = XCConfigurationList;
			buildConfigurations = (
				6BD320AC2A51634A009B9FAA /* Debug */,
				6BD320AD2A51634A009B9FAA /* Release */,
			);
			defaultConfigurationIsVisible = 0;
			defaultConfigurationName = Release;
		};
		6BD320AE2A51634A009B9FAA /* Build configuration list for PBXNativeTarget "RedeemTests" */ = {
			isa = XCConfigurationList;
			buildConfigurations = (
				6BD320AF2A51634A009B9FAA /* Debug */,
				6BD320B02A51634A009B9FAA /* Release */,
			);
			defaultConfigurationIsVisible = 0;
			defaultConfigurationName = Release;
		};
		6BD320B12A51634A009B9FAA /* Build configuration list for PBXNativeTarget "RedeemUITests" */ = {
			isa = XCConfigurationList;
			buildConfigurations = (
				6BD320B22A51634A009B9FAA /* Debug */,
				6BD320B32A51634A009B9FAA /* Release */,
			);
			defaultConfigurationIsVisible = 0;
			defaultConfigurationName = Release;
		};
/* End XCConfigurationList section */
	};
	rootObject = 6BD3207B2A516349009B9FAA /* Project object */;
}
